Microsoft Visual Studio Solution File, Format Version 12.00
# Visual Studio Version 17
VisualStudioVersion = 17.5.2.0
MinimumVisualStudioVersion = 10.0.40219.1
Project("{2150E333-8FDC-42A3-9474-1A3956D46DE8}") = "servicios", "servicios", "{708CAA11-4791-CB3E-3180-B7443AA50C60}"
EndProject
Project("{2150E333-8FDC-42A3-9474-1A3956D46DE8}") = "optimizador-proveedores", "optimizador-proveedores", "{1A2C752D-0D62-FA07-A0B0-779B4EAD4F7E}"
EndProject
Project("{FAE04EC0-301F-11D3-BF4B-00C04F79EFBC}") = "ProviderOptimizerService", "servicios\optimizador-proveedores\ProviderOptimizerService\ProviderOptimizerService.csproj", "{E9C5325C-16D9-81F2-0A20-5D4D9C551F35}"
EndProject
Global
	GlobalSection(SolutionConfigurationPlatforms) = preSolution
		Debug|Any CPU = Debug|Any CPU
		Release|Any CPU = Release|Any CPU
	EndGlobalSection
	GlobalSection(ProjectConfigurationPlatforms) = postSolution
		{E9C5325C-16D9-81F2-0A20-5D4D9C551F35}.Debug|Any CPU.ActiveCfg = Debug|Any CPU
		{E9C5325C-16D9-81F2-0A20-5D4D9C551F35}.Debug|Any CPU.Build.0 = Debug|Any CPU
		{E9C5325C-16D9-81F2-0A20-5D4D9C551F35}.Release|Any CPU.ActiveCfg = Release|Any CPU
		{E9C5325C-16D9-81F2-0A20-5D4D9C551F35}.Release|Any CPU.Build.0 = Release|Any CPU
	EndGlobalSection
	GlobalSection(SolutionProperties) = preSolution
		HideSolutionNode = FALSE
	EndGlobalSection
	GlobalSection(NestedProjects) = preSolution
		{1A2C752D-0D62-FA07-A0B0-779B4EAD4F7E} = {708CAA11-4791-CB3E-3180-B7443AA50C60}
		{E9C5325C-16D9-81F2-0A20-5D4D9C551F35} = {1A2C752D-0D62-FA07-A0B0-779B4EAD4F7E}
	EndGlobalSection
	GlobalSection(ExtensibilityGlobals) = postSolution
		SolutionGuid = {FA455EFA-4F7C-4978-B152-9F03A5B3A9F3}
	EndGlobalSection
EndGlobal
